
Microsoft Visual Studio Solution File, Format Version 12.00
# Visual Studio 2013
VisualStudioVersion = 12.0.21005.1
MinimumVisualStudioVersion = 10.0.40219.1
Project("{2150E333-8FDC-42A3-9474-1A3956D46DE8}") = "Solution Items", "Solution Items", "{9A7429F0-BB4E-4881-8994-25F2DC070C75}"
EndProject
Project("{2150E333-8FDC-42A3-9474-1A3956D46DE8}") = "MSBuild", "MSBuild", "{37A69CBB-5A04-4D74-A16C-765FDE6BF9F3}"
	ProjectSection(SolutionItems) = preProject
		MSBuild\EcmaScript.NET.modified.dll = MSBuild\EcmaScript.NET.modified.dll
		MSBuild\Yahoo.Yui.Compressor.dll = MSBuild\Yahoo.Yui.Compressor.dll
		MSBuild\Yui.Compressor.targets = MSBuild\Yui.Compressor.targets
	EndProjectSection
EndProject
Project("{FAE04EC0-301F-11D3-BF4B-00C04F79EFBC}") = "EngageEvents", "EngageEvents.csproj", "{F9BEB83D-4945-45DE-BF7D-11FBD4A15080}"
EndProject
Project("{FAE04EC0-301F-11D3-BF4B-00C04F79EFBC}") = "EngageEvents.Tests", "EngageEvents.Test\EngageEvents.Tests.csproj", "{37A2248C-0595-4FB6-8EB2-DE75AC9D0F07}"
EndProject
Project("{FAE04EC0-301F-11D3-BF4B-00C04F79EFBC}") = "Engage.Events", "Engage.Events\Engage.Events.csproj", "{7C2E3573-2DF0-4B87-9EB8-1963646BCC66}"
EndProject
Global
	GlobalSection(SolutionConfigurationPlatforms) = preSolution
		Debug|Any CPU = Debug|Any CPU
		Debug|Mixed Platforms = Debug|Mixed Platforms
		Debug|x86 = Debug|x86
		Release|Any CPU = Release|Any CPU
		Release|Mixed Platforms = Release|Mixed Platforms
		Release|x86 = Release|x86
	EndGlobalSection
	GlobalSection(ProjectConfigurationPlatforms) = postSolution
		{F9BEB83D-4945-45DE-BF7D-11FBD4A15080}.Debug|Any CPU.ActiveCfg = Debug|Any CPU
		{F9BEB83D-4945-45DE-BF7D-11FBD4A15080}.Debug|Any CPU.Build.0 = Debug|Any CPU
		{F9BEB83D-4945-45DE-BF7D-11FBD4A15080}.Debug|Mixed Platforms.ActiveCfg = Debug|Any CPU
		{F9BEB83D-4945-45DE-BF7D-11FBD4A15080}.Debug|Mixed Platforms.Build.0 = Debug|Any CPU
		{F9BEB83D-4945-45DE-BF7D-11FBD4A15080}.Debug|x86.ActiveCfg = Debug|Any CPU
		{F9BEB83D-4945-45DE-BF7D-11FBD4A15080}.Debug|x86.Build.0 = Debug|Any CPU
		{F9BEB83D-4945-45DE-BF7D-11FBD4A15080}.Release|Any CPU.ActiveCfg = Release|Any CPU
		{F9BEB83D-4945-45DE-BF7D-11FBD4A15080}.Release|Any CPU.Build.0 = Release|Any CPU
		{F9BEB83D-4945-45DE-BF7D-11FBD4A15080}.Release|Mixed Platforms.ActiveCfg = Release|Any CPU
		{F9BEB83D-4945-45DE-BF7D-11FBD4A15080}.Release|Mixed Platforms.Build.0 = Release|Any CPU
		{F9BEB83D-4945-45DE-BF7D-11FBD4A15080}.Release|x86.ActiveCfg = Release|Any CPU
		{F9BEB83D-4945-45DE-BF7D-11FBD4A15080}.Release|x86.Build.0 = Release|Any CPU
		{37A2248C-0595-4FB6-8EB2-DE75AC9D0F07}.Debug|Any CPU.ActiveCfg = Debug|x86
		{37A2248C-0595-4FB6-8EB2-DE75AC9D0F07}.Debug|Any CPU.Build.0 = Debug|x86
		{37A2248C-0595-4FB6-8EB2-DE75AC9D0F07}.Debug|Mixed Platforms.ActiveCfg = Debug|x86
		{37A2248C-0595-4FB6-8EB2-DE75AC9D0F07}.Debug|Mixed Platforms.Build.0 = Debug|x86
		{37A2248C-0595-4FB6-8EB2-DE75AC9D0F07}.Debug|x86.ActiveCfg = Debug|x86
		{37A2248C-0595-4FB6-8EB2-DE75AC9D0F07}.Debug|x86.Build.0 = Debug|x86
		{37A2248C-0595-4FB6-8EB2-DE75AC9D0F07}.Release|Any CPU.ActiveCfg = Release|x86
		{37A2248C-0595-4FB6-8EB2-DE75AC9D0F07}.Release|Any CPU.Build.0 = Release|x86
		{37A2248C-0595-4FB6-8EB2-DE75AC9D0F07}.Release|Mixed Platforms.ActiveCfg = Release|x86
		{37A2248C-0595-4FB6-8EB2-DE75AC9D0F07}.Release|Mixed Platforms.Build.0 = Release|x86
		{37A2248C-0595-4FB6-8EB2-DE75AC9D0F07}.Release|x86.ActiveCfg = Release|x86
		{37A2248C-0595-4FB6-8EB2-DE75AC9D0F07}.Release|x86.Build.0 = Release|x86
		{7C2E3573-2DF0-4B87-9EB8-1963646BCC66}.Debug|Any CPU.ActiveCfg = Debug|Any CPU
		{7C2E3573-2DF0-4B87-9EB8-1963646BCC66}.Debug|Any CPU.Build.0 = Debug|Any CPU
		{7C2E3573-2DF0-4B87-9EB8-1963646BCC66}.Debug|Mixed Platforms.ActiveCfg = Debug|Any CPU
		{7C2E3573-2DF0-4B87-9EB8-1963646BCC66}.Debug|Mixed Platforms.Build.0 = Debug|Any CPU
		{7C2E3573-2DF0-4B87-9EB8-1963646BCC66}.Debug|x86.ActiveCfg = Debug|Any CPU
		{7C2E3573-2DF0-4B87-9EB8-1963646BCC66}.Release|Any CPU.ActiveCfg = Release|Any CPU
		{7C2E3573-2DF0-4B87-9EB8-1963646BCC66}.Release|Any CPU.Build.0 = Release|Any CPU
		{7C2E3573-2DF0-4B87-9EB8-1963646BCC66}.Release|Mixed Platforms.ActiveCfg = Release|Any CPU
		{7C2E3573-2DF0-4B87-9EB8-1963646BCC66}.Release|Mixed Platforms.Build.0 = Release|Any CPU
		{7C2E3573-2DF0-4B87-9EB8-1963646BCC66}.Release|x86.ActiveCfg = Release|Any CPU
	EndGlobalSection
	GlobalSection(SolutionProperties) = preSolution
		HideSolutionNode = FALSE
	EndGlobalSection
	GlobalSection(NestedProjects) = preSolution
		{37A69CBB-5A04-4D74-A16C-765FDE6BF9F3} = {9A7429F0-BB4E-4881-8994-25F2DC070C75}
	EndGlobalSection
EndGlobal
