
Microsoft Visual Studio Solution File, Format Version 10.00
# Visual Studio 2008
Project("{FAE04EC0-301F-11D3-BF4B-00C04F79EFBC}") = "EngageTellAFriend", "EngageTellAFriend.csproj", "{AD1A58BB-FBF7-4212-BF69-F81A84652ACA}"
EndProject
Global
	GlobalSection(TeamFoundationVersionControl) = preSolution
		SccNumberOfProjects = 2
		SccEnterpriseProvider = {4CA58AB2-18FA-4F8D-95D4-32DDF27D184C}
		SccTeamFoundationServer = http://tfs2008.etg-inc.net:8080/
		SccLocalPath0 = .
		SccProjectUniqueName1 = EngageTellAFriend.csproj
		SccLocalPath1 = .
	EndGlobalSection
	GlobalSection(SolutionConfigurationPlatforms) = preSolution
		Debug|Any CPU = Debug|Any CPU
		Release|Any CPU = Release|Any CPU
	EndGlobalSection
	GlobalSection(ProjectConfigurationPlatforms) = postSolution
		{AD1A58BB-FBF7-4212-BF69-F81A84652ACA}.Debug|Any CPU.ActiveCfg = Debug|Any CPU
		{AD1A58BB-FBF7-4212-BF69-F81A84652ACA}.Debug|Any CPU.Build.0 = Debug|Any CPU
		{AD1A58BB-FBF7-4212-BF69-F81A84652ACA}.Release|Any CPU.ActiveCfg = Release|Any CPU
		{AD1A58BB-FBF7-4212-BF69-F81A84652ACA}.Release|Any CPU.Build.0 = Release|Any CPU
	EndGlobalSection
	GlobalSection(SolutionProperties) = preSolution
		HideSolutionNode = FALSE
	EndGlobalSection
EndGlobal
